<?xml version="1.0" encoding="utf-8"?>
<Project ToolsVersion="4.0" xmlns="http://schemas.microsoft.com/developer/msbuild/2003">
  <ItemGroup>
    <Filter Include="Source Files">
      <UniqueIdentifier>{4FC737F1-C7A5-4376-A066-2A32D752A2FF}</UniqueIdentifier>
      <Extensions>cpp;c;cc;cxx;def;odl;idl;hpj;bat;asm;asmx</Extensions>
    </Filter>
    <Filter Include="Header Files">
      <UniqueIdentifier>{93995380-89BD-4b04-88EB-625FBE52EBFB}</UniqueIdentifier>
      <Extensions>h;hh;hpp;hxx;hm;inl;inc;xsd</Extensions>
    </Filter>
    <Filter Include="Resource Files">
      <UniqueIdentifier>{D9D6E242-F8AF-46E4-B9FD-80ECBC20BA3E}</UniqueIdentifier>
      <Extensions>qrc;*</Extensions>
      <ParseFiles>false</ParseFiles>
    </Filter>
    <Filter Include="Form Files">
      <UniqueIdentifier>{99349809-55BA-4b9d-BF79-8FDBB0286EB3}</UniqueIdentifier>
      <Extensions>ui</Extensions>
    </Filter>
    <Filter Include="Resource Files">
      <UniqueIdentifier>{D9D6E242-F8AF-46E4-B9FD-80ECBC20BA3E}</UniqueIdentifier>
      <Extensions>qrc;*</Extensions>
      <ParseFiles>false</ParseFiles>
    </Filter>
    <Filter Include="Generated Files">
      <UniqueIdentifier>{71ED8ED8-ACB9-4CE9-BBE1-E00B30144E11}</UniqueIdentifier>
      <Extensions>moc;h;cpp</Extensions>
      <SourceControlFiles>False</SourceControlFiles>
    </Filter>
    <Filter Include="Header Files\AgentCore">
      <UniqueIdentifier>{918ed82e-564c-4c7c-90f2-ec21804f807b}</UniqueIdentifier>
    </Filter>
    <Filter Include="Source Files\AgentCore">
      <UniqueIdentifier>{ced4482c-e3df-49ca-8616-689c614d4c29}</UniqueIdentifier>
    </Filter>
    <Filter Include="Form Files\AgentCore">
      <UniqueIdentifier>{7d099df0-62ec-47c2-97f5-a454e2b7d788}</UniqueIdentifier>
    </Filter>
    <Filter Include="Form Files\AgentCore\Unique">
      <UniqueIdentifier>{cd9dd6f8-53c1-42fd-9f89-58f1fdc27dc8}</UniqueIdentifier>
    </Filter>
    <Filter Include="Header Files\AgentCore\Unique">
      <UniqueIdentifier>{8c8542b6-06b5-4229-a6ff-3aa3fadfeddd}</UniqueIdentifier>
    </Filter>
    <Filter Include="Source Files\AgentCore\Unique">
      <UniqueIdentifier>{44722c61-2b5d-4047-aae6-55acdc92f312}</UniqueIdentifier>
    </Filter>
  </ItemGroup>
  <ItemGroup>
    <ClCompile Include="main.cpp">
      <Filter>Source Files</Filter>
    </ClCompile>
    <ClCompile Include="AgentCore\agent_mw.cpp">
      <Filter>Source Files\AgentCore</Filter>
    </ClCompile>
    <ClCompile Include="AgentCore\agent_login.cpp">
      <Filter>Source Files\AgentCore</Filter>
    </ClCompile>
    <ClCompile Include="AgentCore\agent_main.cpp">
      <Filter>Source Files\AgentCore</Filter>
    </ClCompile>
    <ClCompile Include="AgentCore\agent_datasummary.cpp">
      <Filter>Source Files\AgentCore</Filter>
    </ClCompile>
    <ClCompile Include="AgentCore\Unique\agent_accountinfo.cpp">
      <Filter>Source Files\AgentCore\Unique</Filter>
    </ClCompile>
  </ItemGroup>
  <ItemGroup>
    <QtRcc Include="sm_system_agent.qrc">
      <Filter>Resource Files</Filter>
    </QtRcc>
  </ItemGroup>
  <ItemGroup>
    <QtMoc Include="AgentCore\agent_mw.h">
      <Filter>Header Files\AgentCore</Filter>
    </QtMoc>
    <QtMoc Include="AgentCore\agent_login.h">
      <Filter>Header Files\AgentCore</Filter>
    </QtMoc>
    <QtMoc Include="AgentCore\agent_main.h">
      <Filter>Header Files\AgentCore</Filter>
    </QtMoc>
    <QtMoc Include="AgentCore\agent_datasummary.h">
      <Filter>Header Files\AgentCore</Filter>
    </QtMoc>
    <QtMoc Include="AgentCore\Unique\agent_accountinfo.h">
      <Filter>Header Files\AgentCore\Unique</Filter>
    </QtMoc>
  </ItemGroup>
  <ItemGroup>
    <QtUic Include="AgentCore\Unique\agent_accountinfo.ui">
      <Filter>Form Files\AgentCore\Unique</Filter>
    </QtUic>
  </ItemGroup>
</Project>