
Microsoft Visual Studio Solution File, Format Version 12.00
# Visual Studio 14
VisualStudioVersion = 14.0.25420.1
MinimumVisualStudioVersion = 10.0.40219.1
Project("{8BC9CEB8-8B4A-11D0-8D11-00A0C91BC942}") = "SM_System_Admin", "SM_System_Admin\SM_System_Admin.vcxproj", "{B12702AD-ABFB-343A-A199-8E24837244A3}"
EndProject
Project("{8BC9CEB8-8B4A-11D0-8D11-00A0C91BC942}") = "UI_Common", "UI_Common\UI_Common.vcxproj", "{D6982EF1-ED1B-4D97-A60B-DDA1C36921E0}"
EndProject
Project("{8BC9CEB8-8B4A-11D0-8D11-00A0C91BC942}") = "SM_System_Agent", "SM_System_Agent\SM_System_Agent.vcxproj", "{17003679-A839-4795-A1F9-4E20F971690E}"
EndProject
Project("{8BC9CEB8-8B4A-11D0-8D11-00A0C91BC942}") = "Common", "Common\Common.vcxproj", "{8A1A664D-0BCB-4BA7-A2FA-7E2486D2D6F4}"
EndProject
Project("{8BC9CEB8-8B4A-11D0-8D11-00A0C91BC942}") = "HttpTest", "HttpTest\HttpTest.vcxproj", "{675CE756-1A89-42ED-89D0-924F5F537C64}"
EndProject
Global
	GlobalSection(SolutionConfigurationPlatforms) = preSolution
		Debug|x64 = Debug|x64
		Debug|x86 = Debug|x86
		Release|x64 = Release|x64
		Release|x86 = Release|x86
	EndGlobalSection
	GlobalSection(ProjectConfigurationPlatforms) = postSolution
		{B12702AD-ABFB-343A-A199-8E24837244A3}.Debug|x64.ActiveCfg = Debug|x64
		{B12702AD-ABFB-343A-A199-8E24837244A3}.Debug|x64.Build.0 = Debug|x64
		{B12702AD-ABFB-343A-A199-8E24837244A3}.Debug|x86.ActiveCfg = Debug|Win32
		{B12702AD-ABFB-343A-A199-8E24837244A3}.Debug|x86.Build.0 = Debug|Win32
		{B12702AD-ABFB-343A-A199-8E24837244A3}.Release|x64.ActiveCfg = Release|x64
		{B12702AD-ABFB-343A-A199-8E24837244A3}.Release|x64.Build.0 = Release|x64
		{B12702AD-ABFB-343A-A199-8E24837244A3}.Release|x86.ActiveCfg = Release|Win32
		{B12702AD-ABFB-343A-A199-8E24837244A3}.Release|x86.Build.0 = Release|Win32
		{D6982EF1-ED1B-4D97-A60B-DDA1C36921E0}.Debug|x64.ActiveCfg = Debug|x64
		{D6982EF1-ED1B-4D97-A60B-DDA1C36921E0}.Debug|x64.Build.0 = Debug|x64
		{D6982EF1-ED1B-4D97-A60B-DDA1C36921E0}.Debug|x86.ActiveCfg = Debug|Win32
		{D6982EF1-ED1B-4D97-A60B-DDA1C36921E0}.Debug|x86.Build.0 = Debug|Win32
		{D6982EF1-ED1B-4D97-A60B-DDA1C36921E0}.Release|x64.ActiveCfg = Release|x64
		{D6982EF1-ED1B-4D97-A60B-DDA1C36921E0}.Release|x64.Build.0 = Release|x64
		{D6982EF1-ED1B-4D97-A60B-DDA1C36921E0}.Release|x86.ActiveCfg = Release|Win32
		{D6982EF1-ED1B-4D97-A60B-DDA1C36921E0}.Release|x86.Build.0 = Release|Win32
		{17003679-A839-4795-A1F9-4E20F971690E}.Debug|x64.ActiveCfg = Debug|x64
		{17003679-A839-4795-A1F9-4E20F971690E}.Debug|x64.Build.0 = Debug|x64
		{17003679-A839-4795-A1F9-4E20F971690E}.Debug|x86.ActiveCfg = Debug|Win32
		{17003679-A839-4795-A1F9-4E20F971690E}.Debug|x86.Build.0 = Debug|Win32
		{17003679-A839-4795-A1F9-4E20F971690E}.Release|x64.ActiveCfg = Release|x64
		{17003679-A839-4795-A1F9-4E20F971690E}.Release|x64.Build.0 = Release|x64
		{17003679-A839-4795-A1F9-4E20F971690E}.Release|x86.ActiveCfg = Release|Win32
		{17003679-A839-4795-A1F9-4E20F971690E}.Release|x86.Build.0 = Release|Win32
		{8A1A664D-0BCB-4BA7-A2FA-7E2486D2D6F4}.Debug|x64.ActiveCfg = Debug|x64
		{8A1A664D-0BCB-4BA7-A2FA-7E2486D2D6F4}.Debug|x64.Build.0 = Debug|x64
		{8A1A664D-0BCB-4BA7-A2FA-7E2486D2D6F4}.Debug|x86.ActiveCfg = Debug|Win32
		{8A1A664D-0BCB-4BA7-A2FA-7E2486D2D6F4}.Debug|x86.Build.0 = Debug|Win32
		{8A1A664D-0BCB-4BA7-A2FA-7E2486D2D6F4}.Release|x64.ActiveCfg = Release|x64
		{8A1A664D-0BCB-4BA7-A2FA-7E2486D2D6F4}.Release|x64.Build.0 = Release|x64
		{8A1A664D-0BCB-4BA7-A2FA-7E2486D2D6F4}.Release|x86.ActiveCfg = Release|Win32
		{8A1A664D-0BCB-4BA7-A2FA-7E2486D2D6F4}.Release|x86.Build.0 = Release|Win32
		{675CE756-1A89-42ED-89D0-924F5F537C64}.Debug|x64.ActiveCfg = Debug|x64
		{675CE756-1A89-42ED-89D0-924F5F537C64}.Debug|x64.Build.0 = Debug|x64
		{675CE756-1A89-42ED-89D0-924F5F537C64}.Debug|x86.ActiveCfg = Debug|x64
		{675CE756-1A89-42ED-89D0-924F5F537C64}.Release|x64.ActiveCfg = Release|x64
		{675CE756-1A89-42ED-89D0-924F5F537C64}.Release|x64.Build.0 = Release|x64
		{675CE756-1A89-42ED-89D0-924F5F537C64}.Release|x86.ActiveCfg = Release|x64
	EndGlobalSection
	GlobalSection(SolutionProperties) = preSolution
		HideSolutionNode = FALSE
	EndGlobalSection
	GlobalSection(ExtensibilityGlobals) = postSolution
		Qt5Version = msvc2015_64_5_9_6
	EndGlobalSection
EndGlobal
