<?xml version="1.0" encoding="utf-8"?>
<Project ToolsVersion="4.0" xmlns="http://schemas.microsoft.com/developer/msbuild/2003">
  <ItemGroup>
    <Filter Include="Source Files">
      <UniqueIdentifier>{4FC737F1-C7A5-4376-A066-2A32D752A2FF}</UniqueIdentifier>
      <Extensions>cpp;c;cc;cxx;def;odl;idl;hpj;bat;asm;asmx</Extensions>
    </Filter>
    <Filter Include="Header Files">
      <UniqueIdentifier>{93995380-89BD-4b04-88EB-625FBE52EBFB}</UniqueIdentifier>
      <Extensions>h;hh;hpp;hxx;hm;inl;inc;xsd</Extensions>
    </Filter>
    <Filter Include="Resource Files">
      <UniqueIdentifier>{D9D6E242-F8AF-46E4-B9FD-80ECBC20BA3E}</UniqueIdentifier>
      <Extensions>qrc;*</Extensions>
      <ParseFiles>false</ParseFiles>
    </Filter>
    <Filter Include="Resource Files">
      <UniqueIdentifier>{D9D6E242-F8AF-46E4-B9FD-80ECBC20BA3E}</UniqueIdentifier>
      <Extensions>qrc;*</Extensions>
      <ParseFiles>false</ParseFiles>
    </Filter>
    <Filter Include="Generated Files">
      <UniqueIdentifier>{71ED8ED8-ACB9-4CE9-BBE1-E00B30144E11}</UniqueIdentifier>
      <Extensions>moc;h;cpp</Extensions>
      <SourceControlFiles>False</SourceControlFiles>
    </Filter>
    <Filter Include="Form Files">
      <UniqueIdentifier>{99349809-55BA-4b9d-BF79-8FDBB0286EB3}</UniqueIdentifier>
      <Extensions>ui</Extensions>
      <ParseFiles>true</ParseFiles>
    </Filter>
    <Filter Include="Form Files\Core">
      <UniqueIdentifier>{505a69bb-67fc-43a9-8a96-2a275eed5b12}</UniqueIdentifier>
    </Filter>
    <Filter Include="Header Files\Core">
      <UniqueIdentifier>{2c51b945-abee-43a5-a771-5e8bb3de518d}</UniqueIdentifier>
    </Filter>
    <Filter Include="Source Files\Core">
      <UniqueIdentifier>{62c485d2-4c68-460d-8bf2-90bdfb8ff25e}</UniqueIdentifier>
    </Filter>
    <Filter Include="Source Files\component">
      <UniqueIdentifier>{4c196d00-8a62-4083-b2ab-88ab7178fc20}</UniqueIdentifier>
    </Filter>
    <Filter Include="Header Files\component">
      <UniqueIdentifier>{5a85fb79-7806-468c-ad7e-abfaac941eea}</UniqueIdentifier>
    </Filter>
  </ItemGroup>
  <ItemGroup>
    <ClCompile Include="ui_common.cpp">
      <Filter>Source Files</Filter>
    </ClCompile>
    <ClCompile Include="Core\sm_mainwindow.cpp">
      <Filter>Source Files\Core</Filter>
    </ClCompile>
    <ClCompile Include="Core\widget_login.cpp">
      <Filter>Source Files\Core</Filter>
    </ClCompile>
    <ClCompile Include="Core\widget_main.cpp">
      <Filter>Source Files\Core</Filter>
    </ClCompile>
    <ClCompile Include="component\vercodelabel.cpp">
      <Filter>Source Files\component</Filter>
    </ClCompile>
    <ClCompile Include="component\widget_base.cpp">
      <Filter>Source Files\component</Filter>
    </ClCompile>
    <ClCompile Include="component\m_menu.cpp">
      <Filter>Source Files\component</Filter>
    </ClCompile>
    <ClCompile Include="Core\widget_data_summary.cpp">
      <Filter>Source Files\Core</Filter>
    </ClCompile>
  </ItemGroup>
  <ItemGroup>
    <ClInclude Include="ui_common.h">
      <Filter>Header Files</Filter>
    </ClInclude>
    <ClInclude Include="resource.h">
      <Filter>Header Files</Filter>
    </ClInclude>
  </ItemGroup>
  <ItemGroup>
    <ClInclude Include="ui_common_global.h">
      <Filter>Header Files</Filter>
    </ClInclude>
  </ItemGroup>
  <ItemGroup>
    <QtUic Include="Core\sm_mainwindow.ui">
      <Filter>Form Files\Core</Filter>
    </QtUic>
    <QtUic Include="Core\widget_login.ui">
      <Filter>Form Files\Core</Filter>
    </QtUic>
    <QtUic Include="Core\widget_main.ui">
      <Filter>Form Files\Core</Filter>
    </QtUic>
    <QtUic Include="Core\widget_data_summary.ui">
      <Filter>Form Files\Core</Filter>
    </QtUic>
  </ItemGroup>
  <ItemGroup>
    <QtMoc Include="Core\sm_mainwindow.h">
      <Filter>Header Files\Core</Filter>
    </QtMoc>
    <QtMoc Include="Core\widget_login.h">
      <Filter>Header Files\Core</Filter>
    </QtMoc>
    <QtMoc Include="Core\widget_main.h">
      <Filter>Header Files\Core</Filter>
    </QtMoc>
    <QtMoc Include="component\vercodelabel.h">
      <Filter>Header Files\component</Filter>
    </QtMoc>
    <QtMoc Include="component\widget_base.h">
      <Filter>Header Files\component</Filter>
    </QtMoc>
    <QtMoc Include="component\m_menu.h">
      <Filter>Header Files\component</Filter>
    </QtMoc>
    <QtMoc Include="Core\widget_data_summary.h">
      <Filter>Header Files\Core</Filter>
    </QtMoc>
  </ItemGroup>
  <ItemGroup>
    <QtRcc Include="ui_common.qrc">
      <Filter>Resource Files</Filter>
    </QtRcc>
  </ItemGroup>
</Project>