<?xml version="1.0" encoding="utf-8"?>
<Project ToolsVersion="4.0" xmlns="http://schemas.microsoft.com/developer/msbuild/2003">
  <ItemGroup>
    <Filter Include="Source Files">
      <UniqueIdentifier>{4FC737F1-C7A5-4376-A066-2A32D752A2FF}</UniqueIdentifier>
      <Extensions>cpp;c;cc;cxx;def;odl;idl;hpj;bat;asm;asmx</Extensions>
    </Filter>
    <Filter Include="Header Files">
      <UniqueIdentifier>{93995380-89BD-4b04-88EB-625FBE52EBFB}</UniqueIdentifier>
      <Extensions>h;hh;hpp;hxx;hm;inl;inc;xsd</Extensions>
    </Filter>
    <Filter Include="Resource Files">
      <UniqueIdentifier>{D9D6E242-F8AF-46E4-B9FD-80ECBC20BA3E}</UniqueIdentifier>
      <Extensions>qrc;*</Extensions>
      <ParseFiles>false</ParseFiles>
    </Filter>
    <Filter Include="Form Files">
      <UniqueIdentifier>{99349809-55BA-4b9d-BF79-8FDBB0286EB3}</UniqueIdentifier>
      <Extensions>ui</Extensions>
    </Filter>
    <Filter Include="Resource Files">
      <UniqueIdentifier>{D9D6E242-F8AF-46E4-B9FD-80ECBC20BA3E}</UniqueIdentifier>
      <Extensions>qrc;*</Extensions>
      <ParseFiles>false</ParseFiles>
    </Filter>
    <Filter Include="Generated Files">
      <UniqueIdentifier>{71ED8ED8-ACB9-4CE9-BBE1-E00B30144E11}</UniqueIdentifier>
      <Extensions>moc;h;cpp</Extensions>
      <SourceControlFiles>False</SourceControlFiles>
    </Filter>
    <Filter Include="Header Files\AdminCore">
      <UniqueIdentifier>{c4a5737a-f37b-4be9-a9e5-6e17a964a647}</UniqueIdentifier>
    </Filter>
    <Filter Include="Source Files\AdminCore">
      <UniqueIdentifier>{eb142bbd-99b1-4b0d-ae3d-a630af4e6c51}</UniqueIdentifier>
    </Filter>
    <Filter Include="Header Files\AdminCore\Unique">
      <UniqueIdentifier>{4c7fa0ed-5509-43f0-bb18-bbf35a8ac93d}</UniqueIdentifier>
    </Filter>
    <Filter Include="Source Files\AdminCore\Unique">
      <UniqueIdentifier>{fb04b2de-49cb-4810-8cac-e5d3c6cfa4fb}</UniqueIdentifier>
    </Filter>
    <Filter Include="Form Files\AdminCore">
      <UniqueIdentifier>{95d09f87-bbe4-4709-ac74-b443fe94d119}</UniqueIdentifier>
    </Filter>
    <Filter Include="Form Files\AdminCore\Unique">
      <UniqueIdentifier>{c911c1a3-5d7e-48e9-82ed-1781a76dadbb}</UniqueIdentifier>
    </Filter>
  </ItemGroup>
  <ItemGroup>
    <ClCompile Include="main.cpp">
      <Filter>Source Files</Filter>
    </ClCompile>
    <ClCompile Include="AdminCore\admin_mw.cpp">
      <Filter>Source Files\AdminCore</Filter>
    </ClCompile>
    <ClCompile Include="AdminCore\admin_login.cpp">
      <Filter>Source Files\AdminCore</Filter>
    </ClCompile>
    <ClCompile Include="AdminCore\admin_main.cpp">
      <Filter>Source Files\AdminCore</Filter>
    </ClCompile>
    <ClCompile Include="AdminCore\admin_datasummary.cpp">
      <Filter>Source Files\AdminCore</Filter>
    </ClCompile>
    <ClCompile Include="AdminCore\Unique\admin_memberaccount.cpp">
      <Filter>Source Files\AdminCore\Unique</Filter>
    </ClCompile>
    <ClCompile Include="AdminCore\Unique\admin_agentaccount.cpp">
      <Filter>Source Files\AdminCore\Unique</Filter>
    </ClCompile>
    <ClCompile Include="AdminCore\Unique\admin_admin.cpp">
      <Filter>Source Files\AdminCore\Unique</Filter>
    </ClCompile>
  </ItemGroup>
  <ItemGroup>
    <QtRcc Include="sm_system_admin.qrc">
      <Filter>Resource Files</Filter>
    </QtRcc>
  </ItemGroup>
  <ItemGroup>
    <QtMoc Include="AdminCore\admin_mw.h">
      <Filter>Header Files\AdminCore</Filter>
    </QtMoc>
    <QtMoc Include="AdminCore\admin_login.h">
      <Filter>Header Files\AdminCore</Filter>
    </QtMoc>
    <QtMoc Include="AdminCore\admin_main.h">
      <Filter>Header Files\AdminCore</Filter>
    </QtMoc>
    <QtMoc Include="AdminCore\admin_datasummary.h">
      <Filter>Header Files\AdminCore</Filter>
    </QtMoc>
    <QtMoc Include="AdminCore\Unique\admin_memberaccount.h">
      <Filter>Header Files\AdminCore\Unique</Filter>
    </QtMoc>
    <QtMoc Include="AdminCore\Unique\admin_agentaccount.h">
      <Filter>Header Files\AdminCore\Unique</Filter>
    </QtMoc>
    <QtMoc Include="AdminCore\Unique\admin_admin.h">
      <Filter>Header Files\AdminCore\Unique</Filter>
    </QtMoc>
  </ItemGroup>
  <ItemGroup>
    <QtUic Include="AdminCore\Unique\admin_memberaccount.ui">
      <Filter>Form Files\AdminCore\Unique</Filter>
    </QtUic>
    <QtUic Include="AdminCore\Unique\admin_agentaccount.ui">
      <Filter>Form Files\AdminCore\Unique</Filter>
    </QtUic>
    <QtUic Include="AdminCore\Unique\admin_admin.ui">
      <Filter>Form Files\AdminCore\Unique</Filter>
    </QtUic>
  </ItemGroup>
</Project>